
Microsoft Visual Studio Solution File, Format Version 12.00
# Visual Studio Version 16
VisualStudioVersion = 16.0.30002.166
MinimumVisualStudioVersion = 10.0.40219.1
Project("{FAE04EC0-301F-11D3-BF4B-00C04F79EFBC}") = "App Comunicacion.Android", "App Comunicacion.Android\App Comunicacion.Android.csproj", "{B11C8C97-DA5A-467E-BEE7-B938D5A7CAF4}"
EndProject
Project("{FAE04EC0-301F-11D3-BF4B-00C04F79EFBC}") = "App Comunicacion.iOS", "App Comunicacion.iOS\App Comunicacion.iOS.csproj", "{77DC1FAD-7B70-4EA8-94E9-949116EA9D11}"
EndProject
Project("{9A19103F-16F7-4668-BE54-9A1E7A4F7556}") = "App Comunicacion", "App Comunicacion\App Comunicacion.csproj", "{B252C2ED-2113-4090-A814-1A49AE2075C9}"
EndProject
Global
	GlobalSection(SolutionConfigurationPlatforms) = preSolution
		Debug|Any CPU = Debug|Any CPU
		Debug|iPhone = Debug|iPhone
		Debug|iPhoneSimulator = Debug|iPhoneSimulator
		Release|Any CPU = Release|Any CPU
		Release|iPhone = Release|iPhone
		Release|iPhoneSimulator = Release|iPhoneSimulator
	EndGlobalSection
	GlobalSection(ProjectConfigurationPlatforms) = postSolution
		{B11C8C97-DA5A-467E-BEE7-B938D5A7CAF4}.Debug|Any CPU.ActiveCfg = Debug|Any CPU
		{B11C8C97-DA5A-467E-BEE7-B938D5A7CAF4}.Debug|Any CPU.Build.0 = Debug|Any CPU
		{B11C8C97-DA5A-467E-BEE7-B938D5A7CAF4}.Debug|Any CPU.Deploy.0 = Debug|Any CPU
		{B11C8C97-DA5A-467E-BEE7-B938D5A7CAF4}.Debug|iPhone.ActiveCfg = Release|Any CPU
		{B11C8C97-DA5A-467E-BEE7-B938D5A7CAF4}.Debug|iPhone.Build.0 = Release|Any CPU
		{B11C8C97-DA5A-467E-BEE7-B938D5A7CAF4}.Debug|iPhone.Deploy.0 = Release|Any CPU
		{B11C8C97-DA5A-467E-BEE7-B938D5A7CAF4}.Debug|iPhoneSimulator.ActiveCfg = Debug|Any CPU
		{B11C8C97-DA5A-467E-BEE7-B938D5A7CAF4}.Debug|iPhoneSimulator.Build.0 = Debug|Any CPU
		{B11C8C97-DA5A-467E-BEE7-B938D5A7CAF4}.Debug|iPhoneSimulator.Deploy.0 = Debug|Any CPU
		{B11C8C97-DA5A-467E-BEE7-B938D5A7CAF4}.Release|Any CPU.ActiveCfg = Release|Any CPU
		{B11C8C97-DA5A-467E-BEE7-B938D5A7CAF4}.Release|Any CPU.Build.0 = Release|Any CPU
		{B11C8C97-DA5A-467E-BEE7-B938D5A7CAF4}.Release|Any CPU.Deploy.0 = Release|Any CPU
		{B11C8C97-DA5A-467E-BEE7-B938D5A7CAF4}.Release|iPhone.ActiveCfg = Release|Any CPU
		{B11C8C97-DA5A-467E-BEE7-B938D5A7CAF4}.Release|iPhone.Build.0 = Release|Any CPU
		{B11C8C97-DA5A-467E-BEE7-B938D5A7CAF4}.Release|iPhone.Deploy.0 = Release|Any CPU
		{B11C8C97-DA5A-467E-BEE7-B938D5A7CAF4}.Release|iPhoneSimulator.ActiveCfg = Release|Any CPU
		{B11C8C97-DA5A-467E-BEE7-B938D5A7CAF4}.Release|iPhoneSimulator.Build.0 = Release|Any CPU
		{B11C8C97-DA5A-467E-BEE7-B938D5A7CAF4}.Release|iPhoneSimulator.Deploy.0 = Release|Any CPU
		{77DC1FAD-7B70-4EA8-94E9-949116EA9D11}.Debug|Any CPU.ActiveCfg = Debug|iPhone
		{77DC1FAD-7B70-4EA8-94E9-949116EA9D11}.Debug|Any CPU.Build.0 = Debug|iPhone
		{77DC1FAD-7B70-4EA8-94E9-949116EA9D11}.Debug|Any CPU.Deploy.0 = Debug|iPhone
		{77DC1FAD-7B70-4EA8-94E9-949116EA9D11}.Debug|iPhone.ActiveCfg = Debug|iPhone
		{77DC1FAD-7B70-4EA8-94E9-949116EA9D11}.Debug|iPhone.Build.0 = Debug|iPhone
		{77DC1FAD-7B70-4EA8-94E9-949116EA9D11}.Debug|iPhone.Deploy.0 = Debug|iPhone
		{77DC1FAD-7B70-4EA8-94E9-949116EA9D11}.Debug|iPhoneSimulator.ActiveCfg = Debug|iPhoneSimulator
		{77DC1FAD-7B70-4EA8-94E9-949116EA9D11}.Debug|iPhoneSimulator.Build.0 = Debug|iPhoneSimulator
		{77DC1FAD-7B70-4EA8-94E9-949116EA9D11}.Debug|iPhoneSimulator.Deploy.0 = Debug|iPhoneSimulator
		{77DC1FAD-7B70-4EA8-94E9-949116EA9D11}.Release|Any CPU.ActiveCfg = Debug|iPhone
		{77DC1FAD-7B70-4EA8-94E9-949116EA9D11}.Release|Any CPU.Build.0 = Debug|iPhone
		{77DC1FAD-7B70-4EA8-94E9-949116EA9D11}.Release|Any CPU.Deploy.0 = Debug|iPhone
		{77DC1FAD-7B70-4EA8-94E9-949116EA9D11}.Release|iPhone.ActiveCfg = Release|iPhone
		{77DC1FAD-7B70-4EA8-94E9-949116EA9D11}.Release|iPhone.Build.0 = Release|iPhone
		{77DC1FAD-7B70-4EA8-94E9-949116EA9D11}.Release|iPhone.Deploy.0 = Release|iPhone
		{77DC1FAD-7B70-4EA8-94E9-949116EA9D11}.Release|iPhoneSimulator.ActiveCfg = Release|iPhoneSimulator
		{77DC1FAD-7B70-4EA8-94E9-949116EA9D11}.Release|iPhoneSimulator.Build.0 = Release|iPhoneSimulator
		{77DC1FAD-7B70-4EA8-94E9-949116EA9D11}.Release|iPhoneSimulator.Deploy.0 = Release|iPhoneSimulator
		{B252C2ED-2113-4090-A814-1A49AE2075C9}.Debug|Any CPU.ActiveCfg = Debug|Any CPU
		{B252C2ED-2113-4090-A814-1A49AE2075C9}.Debug|Any CPU.Build.0 = Debug|Any CPU
		{B252C2ED-2113-4090-A814-1A49AE2075C9}.Debug|Any CPU.Deploy.0 = Debug|Any CPU
		{B252C2ED-2113-4090-A814-1A49AE2075C9}.Debug|iPhone.ActiveCfg = Release|Any CPU
		{B252C2ED-2113-4090-A814-1A49AE2075C9}.Debug|iPhone.Build.0 = Release|Any CPU
		{B252C2ED-2113-4090-A814-1A49AE2075C9}.Debug|iPhone.Deploy.0 = Release|Any CPU
		{B252C2ED-2113-4090-A814-1A49AE2075C9}.Debug|iPhoneSimulator.ActiveCfg = Debug|Any CPU
		{B252C2ED-2113-4090-A814-1A49AE2075C9}.Debug|iPhoneSimulator.Build.0 = Debug|Any CPU
		{B252C2ED-2113-4090-A814-1A49AE2075C9}.Debug|iPhoneSimulator.Deploy.0 = Debug|Any CPU
		{B252C2ED-2113-4090-A814-1A49AE2075C9}.Release|Any CPU.ActiveCfg = Debug|Any CPU
		{B252C2ED-2113-4090-A814-1A49AE2075C9}.Release|Any CPU.Build.0 = Debug|Any CPU
		{B252C2ED-2113-4090-A814-1A49AE2075C9}.Release|Any CPU.Deploy.0 = Debug|Any CPU
		{B252C2ED-2113-4090-A814-1A49AE2075C9}.Release|iPhone.ActiveCfg = Release|Any CPU
		{B252C2ED-2113-4090-A814-1A49AE2075C9}.Release|iPhone.Build.0 = Release|Any CPU
		{B252C2ED-2113-4090-A814-1A49AE2075C9}.Release|iPhone.Deploy.0 = Release|Any CPU
		{B252C2ED-2113-4090-A814-1A49AE2075C9}.Release|iPhoneSimulator.ActiveCfg = Release|Any CPU
		{B252C2ED-2113-4090-A814-1A49AE2075C9}.Release|iPhoneSimulator.Build.0 = Release|Any CPU
		{B252C2ED-2113-4090-A814-1A49AE2075C9}.Release|iPhoneSimulator.Deploy.0 = Release|Any CPU
	EndGlobalSection
	GlobalSection(SolutionProperties) = preSolution
		HideSolutionNode = FALSE
	EndGlobalSection
	GlobalSection(ExtensibilityGlobals) = postSolution
		SolutionGuid = {EE009688-DB38-40A8-87B4-98289DF5B655}
	EndGlobalSection
EndGlobal
